{
    "_readme": [
        "This file locks the dependencies of your project to a known state",
        "Read more about it at https://getcomposer.org/doc/01-basic-usage.md#installing-dependencies",
        "This file is @generated automatically"
    ],
    "content-hash": "b1147326e6a59a4223a81c60432d9827",
    "packages": [
        {
            "name": "rsthn/rose-core",
            "version": "4.0.66",
            "source": {
                "type": "git",
                "url": "https://github.com/rsthn/rose-core.git",
                "reference": "e3b6acf24bee5f3f0efd710e0b4f3df8c8916dfd"
            },
            "dist": {
                "type": "zip",
                "url": "https://api.github.com/repos/rsthn/rose-core/zipball/e3b6acf24bee5f3f0efd710e0b4f3df8c8916dfd",
                "reference": "e3b6acf24bee5f3f0efd710e0b4f3df8c8916dfd",
                "shasum": ""
            },
            "require": {
                "php": "^8"
            },
            "type": "library",
            "autoload": {
                "psr-4": {
                    "Rose\\": "src"
                }
            },
            "notification-url": "https://packagist.org/downloads/",
            "license": [
                "Apache-2.0"
            ],
            "authors": [
                {
                    "name": "Jonathan Palencia",
                    "email": "strikeone88@rsthn.com",
                    "role": "Developer"
                }
            ],
            "description": "Rose Framework - Core",
            "homepage": "https://github.com/rsthn/rose-core",
            "support": {
                "issues": "https://github.com/rsthn/rose-core/issues",
                "source": "https://github.com/rsthn/rose-core/tree/v4.0.66"
            },
            "time": "2023-08-02T20:12:54+00:00"
        },
        {
            "name": "rsthn/rose-ext-csv",
            "version": "1.0.6",
            "source": {
                "type": "git",
                "url": "https://github.com/rsthn/rose-ext-csv.git",
                "reference": "7116bff959a73805da243c1d4e1059e65dccb2bb"
            },
            "dist": {
                "type": "zip",
                "url": "https://api.github.com/repos/rsthn/rose-ext-csv/zipball/7116bff959a73805da243c1d4e1059e65dccb2bb",
                "reference": "7116bff959a73805da243c1d4e1059e65dccb2bb",
                "shasum": ""
            },
            "require": {
                "rsthn/rose-extension-installer": "*"
            },
            "type": "rose-extension",
            "extra": {
                "rose-ext-identifier": "Csv"
            },
            "autoload": {
                "psr-4": {
                    "Rose\\Ext\\Csv\\": "."
                }
            },
            "notification-url": "https://packagist.org/downloads/",
            "license": [
                "Apache-2.0"
            ],
            "authors": [
                {
                    "name": "Jonathan Palencia",
                    "email": "strikeone88@rsthn.com"
                }
            ],
            "description": "CSV Utilities for Rose",
            "support": {
                "issues": "https://github.com/rsthn/rose-ext-csv/issues",
                "source": "https://github.com/rsthn/rose-ext-csv/tree/v1.0.6"
            },
            "time": "2023-06-06T22:13:34+00:00"
        },
        {
            "name": "rsthn/rose-ext-sentinel",
            "version": "1.0.32",
            "source": {
                "type": "git",
                "url": "https://github.com/rsthn/rose-ext-sentinel.git",
                "reference": "918f3386bf82944627c60341957bf37424086ada"
            },
            "dist": {
                "type": "zip",
                "url": "https://api.github.com/repos/rsthn/rose-ext-sentinel/zipball/918f3386bf82944627c60341957bf37424086ada",
                "reference": "918f3386bf82944627c60341957bf37424086ada",
                "shasum": ""
            },
            "require": {
                "rsthn/rose-extension-installer": "*"
            },
            "type": "rose-extension",
            "extra": {
                "rose-ext-identifier": "Sentinel"
            },
            "autoload": {
                "psr-4": {
                    "Rose\\Ext\\Sentinel\\": "."
                }
            },
            "notification-url": "https://packagist.org/downloads/",
            "license": [
                "Apache-2.0"
            ],
            "authors": [
                {
                    "name": "Jonathan Palencia",
                    "email": "strikeone88@rsthn.com"
                }
            ],
            "description": "Sentinel Authentication Extension",
            "support": {
                "issues": "https://github.com/rsthn/rose-ext-sentinel/issues",
                "source": "https://github.com/rsthn/rose-ext-sentinel/tree/v1.0.32"
            },
            "time": "2022-12-09T16:34:07+00:00"
        },
        {
            "name": "rsthn/rose-ext-shield",
            "version": "1.0.34",
            "source": {
                "type": "git",
                "url": "https://github.com/rsthn/rose-ext-shield.git",
                "reference": "aed906a86eab3b6bb3c4e793797bde9198fc2a87"
            },
            "dist": {
                "type": "zip",
                "url": "https://api.github.com/repos/rsthn/rose-ext-shield/zipball/aed906a86eab3b6bb3c4e793797bde9198fc2a87",
                "reference": "aed906a86eab3b6bb3c4e793797bde9198fc2a87",
                "shasum": ""
            },
            "require": {
                "rsthn/rose-core": "^4.0.41",
                "rsthn/rose-extension-installer": "*"
            },
            "type": "rose-extension",
            "extra": {
                "rose-ext-identifier": "Shield"
            },
            "autoload": {
                "psr-4": {
                    "Rose\\Ext\\Shield\\": "."
                }
            },
            "notification-url": "https://packagist.org/downloads/",
            "license": [
                "Apache-2.0"
            ],
            "authors": [
                {
                    "name": "Jonathan Palencia",
                    "email": "strikeone88@rsthn.com"
                }
            ],
            "description": "Shield Validation Extension",
            "support": {
                "issues": "https://github.com/rsthn/rose-ext-shield/issues",
                "source": "https://github.com/rsthn/rose-ext-shield/tree/v1.0.34"
            },
            "time": "2023-08-08T05:33:39+00:00"
        },
        {
            "name": "rsthn/rose-extension-installer",
            "version": "1.0.11",
            "source": {
                "type": "git",
                "url": "https://github.com/rsthn/rose-extension-installer.git",
                "reference": "2d90c13cf506ccb8772432bbda9fe0e82bb9957f"
            },
            "dist": {
                "type": "zip",
                "url": "https://api.github.com/repos/rsthn/rose-extension-installer/zipball/2d90c13cf506ccb8772432bbda9fe0e82bb9957f",
                "reference": "2d90c13cf506ccb8772432bbda9fe0e82bb9957f",
                "shasum": ""
            },
            "require": {
                "composer-plugin-api": "^2.0"
            },
            "require-dev": {
                "composer/composer": "^1.3"
            },
            "type": "composer-plugin",
            "extra": {
                "class": "Rose\\Composer\\ExtensionInstallerPlugin"
            },
            "autoload": {
                "psr-4": {
                    "Rose\\Composer\\": "src"
                }
            },
            "notification-url": "https://packagist.org/downloads/",
            "license": [
                "Apache-2.0"
            ],
            "authors": [
                {
                    "name": "Jonathan Palencia",
                    "email": "strikeone88@rsthn.com",
                    "role": "Developer"
                }
            ],
            "description": "Rose Framework - Extension Installer",
            "homepage": "https://github.com/rsthn/rose-extension-installer",
            "support": {
                "issues": "https://github.com/rsthn/rose-extension-installer/issues",
                "source": "https://github.com/rsthn/rose-extension-installer/tree/v1.0.11"
            },
            "time": "2022-01-18T08:04:40+00:00"
        }
    ],
    "packages-dev": [],
    "aliases": [],
    "minimum-stability": "stable",
    "stability-flags": [],
    "prefer-stable": false,
    "prefer-lowest": false,
    "platform": [],
    "platform-dev": [],
    "plugin-api-version": "2.2.0"
}
